<?xml version="1.0" encoding="utf-8"?>
<Project ToolsVersion="4.0" xmlns="http://schemas.microsoft.com/developer/msbuild/2003">
  <ItemGroup>
    <None Include="packages.test.config" />
    <None Include="ut_main.cpp">
      <Filter>src</Filter>
    </None>
  </ItemGroup>
  <ItemGroup>
    <Filter Include="obj">
      <UniqueIdentifier>{b054341e-4f76-4a54-8ea0-0a8c3c7353bd}</UniqueIdentifier>
    </Filter>
    <Filter Include="src">
      <UniqueIdentifier>{4cb48a0f-23b6-40ce-bc71-19d37d1c1661}</UniqueIdentifier>
    </Filter>
  </ItemGroup>
  <ItemGroup>
    <Object Include="$(OutDir)obj\cpplexer.obj">
      <Filter>obj</Filter>
    </Object>
  </ItemGroup>
  <ItemGroup>
    <ClCompile Include="ut_tests.cpp">
      <Filter>src</Filter>
    </ClCompile>
  </ItemGroup>
</Project>